
Microsoft Visual Studio Solution File, Format Version 12.00
# Visual Studio Version 17
VisualStudioVersion = 17.6.33829.357
MinimumVisualStudioVersion = 10.0.40219.1
Project("{FAE04EC0-301F-11D3-BF4B-00C04F79EFBC}") = "PI-laba-3-VideoGame", "PI-laba-3-VideoGame\PI-laba-3-VideoGame.csproj", "{12A03979-2469-4E85-AC4B-DFCD276DEDD4}"
EndProject
Global
	GlobalSection(SolutionConfigurationPlatforms) = preSolution
		Debug|Any CPU = Debug|Any CPU
		Release|Any CPU = Release|Any CPU
	EndGlobalSection
	GlobalSection(ProjectConfigurationPlatforms) = postSolution
		{12A03979-2469-4E85-AC4B-DFCD276DEDD4}.Debug|Any CPU.ActiveCfg = Debug|Any CPU
		{12A03979-2469-4E85-AC4B-DFCD276DEDD4}.Debug|Any CPU.Build.0 = Debug|Any CPU
		{12A03979-2469-4E85-AC4B-DFCD276DEDD4}.Release|Any CPU.ActiveCfg = Release|Any CPU
		{12A03979-2469-4E85-AC4B-DFCD276DEDD4}.Release|Any CPU.Build.0 = Release|Any CPU
	EndGlobalSection
	GlobalSection(SolutionProperties) = preSolution
		HideSolutionNode = FALSE
	EndGlobalSection
	GlobalSection(ExtensibilityGlobals) = postSolution
		SolutionGuid = {95697A8D-4AA5-45AC-8F9F-0733103F4C07}
	EndGlobalSection
EndGlobal
